<?xml version="1.0" encoding="utf-8"?>
<Project ToolsVersion="4.0" xmlns="http://schemas.microsoft.com/developer/msbuild/2003">
  <ItemGroup>
    <Filter Include="Source Files">
      <UniqueIdentifier>{4FC737F1-C7A5-4376-A066-2A32D752A2FF}</UniqueIdentifier>
      <Extensions>cpp;c;cc;cxx;def;odl;idl;hpj;bat;asm;asmx</Extensions>
    </Filter>
    <Filter Include="Header Files">
      <UniqueIdentifier>{93995380-89BD-4b04-88EB-625FBE52EBFB}</UniqueIdentifier>
      <Extensions>h;hh;hpp;hxx;hm;inl;inc;xsd</Extensions>
    </Filter>
    <Filter Include="Resource Files">
      <UniqueIdentifier>{67DA6AB6-F800-4c08-8B7A-83BB121AAD01}</UniqueIdentifier>
      <Extensions>rc;ico;cur;bmp;dlg;rc2;rct;bin;rgs;gif;jpg;jpeg;jpe;resx;tiff;tif;png;wav;mfcribbon-ms</Extensions>
    </Filter>
    <Filter Include="Source Files\Models">
      <UniqueIdentifier>{9b39c75a-27a9-45a1-bb74-4e5871170fbb}</UniqueIdentifier>
    </Filter>
    <Filter Include="Source Files\Models\Particle">
      <UniqueIdentifier>{a8eabea0-0b47-47a8-9c8a-40e2f059c423}</UniqueIdentifier>
    </Filter>
    <Filter Include="Source Files\Physics">
      <UniqueIdentifier>{2950bd3c-1135-4c84-9e80-f3ef1c022ce7}</UniqueIdentifier>
    </Filter>
    <Filter Include="Source Files\Models\SPHFluid">
      <UniqueIdentifier>{7d4b48c6-f4a7-464f-b808-df4422a1b220}</UniqueIdentifier>
    </Filter>
    <Filter Include="Source Files\Rendering">
      <UniqueIdentifier>{ab1bfbd4-9ea4-4563-bd2a-074af1bf92db}</UniqueIdentifier>
    </Filter>
    <Filter Include="Source Files\Physics\Managers">
      <UniqueIdentifier>{600d1803-1cc5-4bc1-bcf4-902c44a06a7a}</UniqueIdentifier>
    </Filter>
    <Filter Include="Source Files\Physics\Managers\Collision">
      <UniqueIdentifier>{1fd1f7c8-66f3-4a9a-a788-296b5193d9be}</UniqueIdentifier>
    </Filter>
    <Filter Include="Source Files\Physics\Managers\Integrate">
      <UniqueIdentifier>{6c35fb1c-c1ef-45e8-a4fa-eb0c14bb57f1}</UniqueIdentifier>
    </Filter>
    <Filter Include="Source Files\Physics\Models">
      <UniqueIdentifier>{a84ae5da-c17e-4193-86e7-4dfb91cef049}</UniqueIdentifier>
    </Filter>
    <Filter Include="Source Files\ShaderControllers">
      <UniqueIdentifier>{cf4aa4de-a2c2-4e48-abe5-612d3eaaa2b3}</UniqueIdentifier>
    </Filter>
    <Filter Include="Source Files\Rendering\Models">
      <UniqueIdentifier>{e2e2ac27-13b9-43da-bd74-d8570e04be4b}</UniqueIdentifier>
    </Filter>
    <Filter Include="Source Files\Rendering\Renderers">
      <UniqueIdentifier>{23481ac0-b6c2-419a-b935-705de365d72d}</UniqueIdentifier>
    </Filter>
    <Filter Include="Source Files\Rendering\Models\VAO%27s">
      <UniqueIdentifier>{0b81271b-f5fb-4893-862d-1a4328e0e766}</UniqueIdentifier>
    </Filter>
    <Filter Include="Source Files\Rendering\Renderers\FluidRenderer">
      <UniqueIdentifier>{5f2311b7-c3df-44d4-aa84-eba7c1f36171}</UniqueIdentifier>
    </Filter>
    <Filter Include="Source Files\Physics\Managers\Particles">
      <UniqueIdentifier>{9a64d9e1-5678-4a50-b4fb-bbd555954db8}</UniqueIdentifier>
    </Filter>
    <Filter Include="Source Files\Physics\Managers\Particles\SPHSolvers">
      <UniqueIdentifier>{3c03896b-dc53-48ea-920c-8f360a774ce7}</UniqueIdentifier>
    </Filter>
    <Filter Include="Source Files\Physics\Managers\Particles\SPHSolvers\SPHCommonShaders">
      <UniqueIdentifier>{c3fb05ad-4273-4c4e-bf06-a3a1223a2293}</UniqueIdentifier>
    </Filter>
    <Filter Include="Source Files\Physics\Managers\Particles\SPHSolvers\ParticleBasedFluid_Muller_2003">
      <UniqueIdentifier>{a4c1d24d-edfc-466c-814d-b5633e34e284}</UniqueIdentifier>
    </Filter>
    <Filter Include="Source Files\Scene">
      <UniqueIdentifier>{a9e3cda3-1f59-40ae-a79b-91d681adc64d}</UniqueIdentifier>
    </Filter>
    <Filter Include="Source Files\Models\Camera">
      <UniqueIdentifier>{85ca6554-6182-4659-85e1-c7797109b4dd}</UniqueIdentifier>
    </Filter>
    <Filter Include="Source Files\Scene\Scenes">
      <UniqueIdentifier>{361d5f83-6640-4223-86e2-8ec26ae9b605}</UniqueIdentifier>
    </Filter>
    <Filter Include="Source Files\Physics\Managers\Particles\SurfaceTension">
      <UniqueIdentifier>{12385e45-5eb8-4493-8888-71c8252e2c3c}</UniqueIdentifier>
    </Filter>
    <Filter Include="Source Files\Physics\Managers\Particles\SurfaceTension\Morris_2000">
      <UniqueIdentifier>{eef4c146-d846-4c1b-91c2-9a6cec27157c}</UniqueIdentifier>
    </Filter>
  </ItemGroup>
  <ItemGroup>
    <ClCompile Include="main.cpp">
      <Filter>Source Files</Filter>
    </ClCompile>
    <ClCompile Include="stdafx.cpp">
      <Filter>Source Files</Filter>
    </ClCompile>
    <ClCompile Include="Models\Particle\particle.cpp">
      <Filter>Source Files\Models\Particle</Filter>
    </ClCompile>
    <ClCompile Include="Models\SPHFluid\sph_fluid.cpp">
      <Filter>Source Files\Models\SPHFluid</Filter>
    </ClCompile>
    <ClCompile Include="Physics\physics_engine.cpp">
      <Filter>Source Files\Physics</Filter>
    </ClCompile>
    <ClCompile Include="Engine.cpp">
      <Filter>Source Files</Filter>
    </ClCompile>
    <ClCompile Include="ShaderController\shader_controller.cpp">
      <Filter>Source Files\ShaderControllers</Filter>
    </ClCompile>
    <ClCompile Include="Render\render_engine.cpp">
      <Filter>Source Files\Rendering</Filter>
    </ClCompile>
    <ClCompile Include="Render\Models\renderable.cpp">
      <Filter>Source Files\Rendering\Models</Filter>
    </ClCompile>
    <ClCompile Include="Render\Models\VAOs\vertex_array_object.cpp">
      <Filter>Source Files\Rendering\Models\VAO%27s</Filter>
    </ClCompile>
    <ClCompile Include="Physics\PhysicsManagers\Integrate\integrator.cpp">
      <Filter>Source Files\Physics\Managers\Integrate</Filter>
    </ClCompile>
    <ClCompile Include="Physics\Models\object.cpp">
      <Filter>Source Files\Physics\Models</Filter>
    </ClCompile>
    <ClCompile Include="Physics\PhysicsManagers\Particles\SPHSolvers\ParticleBasedFluid_Muller_2003\particle_based_fluid_muller_2003.cpp">
      <Filter>Source Files\Physics\Managers\Particles\SPHSolvers\ParticleBasedFluid_Muller_2003</Filter>
    </ClCompile>
    <ClCompile Include="Scene\scene.cpp">
      <Filter>Source Files\Scene</Filter>
    </ClCompile>
    <ClCompile Include="Models\Camera\camera.cpp">
      <Filter>Source Files\Models\Camera</Filter>
    </ClCompile>
    <ClCompile Include="Scene\scene_manager.cpp">
      <Filter>Source Files\Scene</Filter>
    </ClCompile>
    <ClCompile Include="Render\Renderers\fluid_renderer.cpp">
      <Filter>Source Files\Rendering\Renderers\FluidRenderer</Filter>
    </ClCompile>
    <ClCompile Include="input_controller.cpp">
      <Filter>Source Files</Filter>
    </ClCompile>
    <ClCompile Include="Physics\PhysicsManagers\Particles\SurfaceTension\Morris_2000\st_morris_2000.cpp">
      <Filter>Source Files\Physics\Managers\Particles\SurfaceTension\Morris_2000</Filter>
    </ClCompile>
    <ClCompile Include="Physics\PhysicsManagers\Collision\collision.cpp">
      <Filter>Source Files</Filter>
    </ClCompile>
  </ItemGroup>
  <ItemGroup>
    <ClInclude Include="stdafx.h">
      <Filter>Source Files</Filter>
    </ClInclude>
    <ClInclude Include="Models\Particle\particle.h">
      <Filter>Source Files\Models\Particle</Filter>
    </ClInclude>
    <ClInclude Include="Models\SPHFluid\sph_fluid.h">
      <Filter>Source Files\Models\SPHFluid</Filter>
    </ClInclude>
    <ClInclude Include="Physics\physics_engine.h">
      <Filter>Source Files\Physics</Filter>
    </ClInclude>
    <ClInclude Include="Physics\Models\sph_fluid.h">
      <Filter>Source Files\Physics\Models</Filter>
    </ClInclude>
    <ClInclude Include="Engine.h">
      <Filter>Source Files</Filter>
    </ClInclude>
    <ClInclude Include="ShaderController\shader_controller.h">
      <Filter>Source Files\ShaderControllers</Filter>
    </ClInclude>
    <ClInclude Include="ShaderController\render_shader_controller.h">
      <Filter>Source Files\ShaderControllers</Filter>
    </ClInclude>
    <ClInclude Include="ShaderController\compute_shader_controller.h">
      <Filter>Source Files\ShaderControllers</Filter>
    </ClInclude>
    <ClInclude Include="ShaderController\shader.h">
      <Filter>Source Files\ShaderControllers</Filter>
    </ClInclude>
    <ClInclude Include="Render\render_engine.h">
      <Filter>Source Files\Rendering</Filter>
    </ClInclude>
    <ClInclude Include="Render\Models\renderable.h">
      <Filter>Source Files\Rendering\Models</Filter>
    </ClInclude>
    <ClInclude Include="Render\Models\VAOs\vertex_array_object.h">
      <Filter>Source Files\Rendering\Models\VAO%27s</Filter>
    </ClInclude>
    <ClInclude Include="Render\Models\VAOs\fluid_vao.h">
      <Filter>Source Files\Rendering\Models\VAO%27s</Filter>
    </ClInclude>
    <ClInclude Include="Render\Renderers\fluid_renderer.h">
      <Filter>Source Files\Rendering\Renderers\FluidRenderer</Filter>
    </ClInclude>
    <ClInclude Include="Render\Renderers\renderer.h">
      <Filter>Source Files\Rendering\Renderers</Filter>
    </ClInclude>
    <ClInclude Include="Physics\PhysicsManagers\Integrate\integrator.h">
      <Filter>Source Files\Physics\Managers\Integrate</Filter>
    </ClInclude>
    <ClInclude Include="Physics\Models\integrable.h">
      <Filter>Source Files\Physics\Models</Filter>
    </ClInclude>
    <ClInclude Include="Physics\Models\integrable_rotating.h">
      <Filter>Source Files\Physics\Models</Filter>
    </ClInclude>
    <ClInclude Include="Physics\Models\particle.h">
      <Filter>Source Files\Physics\Models</Filter>
    </ClInclude>
    <ClInclude Include="Physics\Models\object.h">
      <Filter>Source Files\Physics\Models</Filter>
    </ClInclude>
    <ClInclude Include="Physics\PhysicsManagers\Particles\particle_system.h">
      <Filter>Source Files\Physics\Managers\Particles</Filter>
    </ClInclude>
    <ClInclude Include="Physics\PhysicsManagers\Particles\SPHSolvers\ParticleBasedFluid_Muller_2003\particle_based_fluid_muller_2003.h">
      <Filter>Source Files\Physics\Managers\Particles\SPHSolvers\ParticleBasedFluid_Muller_2003</Filter>
    </ClInclude>
    <ClInclude Include="Scene\scene.h">
      <Filter>Source Files\Scene</Filter>
    </ClInclude>
    <ClInclude Include="Models\Camera\camera.h">
      <Filter>Source Files\Models\Camera</Filter>
    </ClInclude>
    <ClInclude Include="Scene\integration_comparison_scene.h">
      <Filter>Source Files\Scene\Scenes</Filter>
    </ClInclude>
    <ClInclude Include="Scene\fluid_scene.h">
      <Filter>Source Files\Scene\Scenes</Filter>
    </ClInclude>
    <ClInclude Include="Scene\scene_manager.h">
      <Filter>Source Files\Scene</Filter>
    </ClInclude>
    <ClInclude Include="input_controller.h">
      <Filter>Source Files</Filter>
    </ClInclude>
    <ClInclude Include="Models\Camera\favorite_camera.h">
      <Filter>Source Files\Models\Camera</Filter>
    </ClInclude>
    <ClInclude Include="Models\object.h">
      <Filter>Source Files\Models</Filter>
    </ClInclude>
    <ClInclude Include="Physics\PhysicsManagers\Particles\SurfaceTension\Morris_2000\st_morris_2000.h">
      <Filter>Source Files\Physics\Managers\Particles\SurfaceTension\Morris_2000</Filter>
    </ClInclude>
    <ClInclude Include="Physics\PhysicsManagers\Collision\collision.h">
      <Filter>Header Files</Filter>
    </ClInclude>
    <ClInclude Include="Physics\PhysicsManagers\Particles\particle_system_factory.h">
      <Filter>Source Files\Physics\Managers\Particles</Filter>
    </ClInclude>
  </ItemGroup>
  <ItemGroup>
    <None Include="packages.config" />
    <None Include="Render\common.vs">
      <Filter>Source Files\Rendering\Renderers</Filter>
    </None>
    <None Include="Render\Renderers\default_fluid.fs">
      <Filter>Source Files\Rendering\Renderers\FluidRenderer</Filter>
    </None>
    <None Include="Physics\PhysicsManagers\Integrate\semi_implicit_euler_integrator.comp">
      <Filter>Source Files\Physics\Managers\Integrate</Filter>
    </None>
    <None Include="Physics\PhysicsManagers\Integrate\forward_euler_integrator.comp">
      <Filter>Source Files\Physics\Managers\Integrate</Filter>
    </None>
    <None Include="Physics\PhysicsManagers\Integrate\leapfrog_integrator.comp">
      <Filter>Source Files\Physics\Managers\Integrate</Filter>
    </None>
    <None Include="Physics\PhysicsManagers\Particles\SPHSolvers\mass_density.comp">
      <Filter>Source Files\Physics\Managers\Particles\SPHSolvers\SPHCommonShaders</Filter>
    </None>
    <None Include="Physics\PhysicsManagers\Particles\SPHSolvers\desbrun_pressure.comp">
      <Filter>Source Files\Physics\Managers\Particles\SPHSolvers\SPHCommonShaders</Filter>
    </None>
    <None Include="Physics\PhysicsManagers\Particles\SurfaceTension\Morris_2000\morris_2000.comp">
      <Filter>Source Files\Physics\Managers\Particles\SurfaceTension\Morris_2000</Filter>
    </None>
    <None Include="Physics\PhysicsManagers\Particles\SPHSolvers\ParticleBasedFluid_Muller_2003\force_pressure_viscosity.comp">
      <Filter>Source Files\Physics\Managers\Particles\SPHSolvers\ParticleBasedFluid_Muller_2003</Filter>
    </None>
  </ItemGroup>
</Project>